// !$*UTF8*$!
{
	archiveVersion = 1;
	classes = {
	};
	objectVersion = 46;
	objects = {

/* Begin PBXBuildFile section */
		C0912705254886EF4DCCCDBE /* Pods_MovieGuideTests.framework in Frameworks */ = {isa = PBXBuildFile; fileRef = 45A01567277F29884742E0B0 /* Pods_MovieGuideTests.framework */; };
		E2D1750814DA7408CFDC81DD /* Pods_MovieGuide.framework in Frameworks */ = {isa = PBXBuildFile; fileRef = 71EDC773DFF6891DBEB3C3C4 /* Pods_MovieGuide.framework */; };
		EB15A6561EA7FD560081000E /* APIKeys.swift in Sources */ = {isa = PBXBuildFile; fileRef = EB15A6551EA7FD560081000E /* APIKeys.swift */; };
		EB1C1A231E1AA98B001AA9B7 /* Genre.swift in Sources */ = {isa = PBXBuildFile; fileRef = EB1C1A201E1AA98B001AA9B7 /* Genre.swift */; };
		EB1C1A241E1AA98B001AA9B7 /* Movie.swift in Sources */ = {isa = PBXBuildFile; fileRef = EB1C1A211E1AA98B001AA9B7 /* Movie.swift */; };
		EB1C1A251E1AA98B001AA9B7 /* SpokenLanguage.swift in Sources */ = {isa = PBXBuildFile; fileRef = EB1C1A221E1AA98B001AA9B7 /* SpokenLanguage.swift */; };
		EB1C1A2B1E1AA9A5001AA9B7 /* MovieGuideEndpoint.swift in Sources */ = {isa = PBXBuildFile; fileRef = EB1C1A2A1E1AA9A5001AA9B7 /* MovieGuideEndpoint.swift */; };
		EB1C1A321E1AAA15001AA9B7 /* ImageForMovies.json in Resources */ = {isa = PBXBuildFile; fileRef = EB1C1A2E1E1AAA15001AA9B7 /* ImageForMovies.json */; };
		EB1C1A331E1AAA15001AA9B7 /* MovieDetails.json in Resources */ = {isa = PBXBuildFile; fileRef = EB1C1A2F1E1AAA15001AA9B7 /* MovieDetails.json */; };
		EB1C1A341E1AAA15001AA9B7 /* MoviesByOption.json in Resources */ = {isa = PBXBuildFile; fileRef = EB1C1A301E1AAA15001AA9B7 /* MoviesByOption.json */; };
		EB1C1A351E1AAA15001AA9B7 /* SimilarMovies.json in Resources */ = {isa = PBXBuildFile; fileRef = EB1C1A311E1AAA15001AA9B7 /* SimilarMovies.json */; };
		EB2BB2841EB492CE00EF0C32 /* ListingInteractorTest.swift in Sources */ = {isa = PBXBuildFile; fileRef = EB2BB2831EB492CE00EF0C32 /* ListingInteractorTest.swift */; };
		EB61AF261EA3EDBE000ED3F1 /* ListingPresenterTest.swift in Sources */ = {isa = PBXBuildFile; fileRef = EB61AF251EA3EDBE000ED3F1 /* ListingPresenterTest.swift */; };
		EB8F01681E323D26002C62D0 /* ListingResponse.swift in Sources */ = {isa = PBXBuildFile; fileRef = EB8F01671E323D26002C62D0 /* ListingResponse.swift */; };
		EB98EE451EA7DB0D00C34710 /* OnlineProvider.swift in Sources */ = {isa = PBXBuildFile; fileRef = EB98EE441EA7DB0D00C34710 /* OnlineProvider.swift */; };
		EBB2EE581ED40DAD002BACE7 /* DetailInteractor.swift in Sources */ = {isa = PBXBuildFile; fileRef = EBB2EE3A1ED40DAD002BACE7 /* DetailInteractor.swift */; };
		EBB2EE591ED40DAD002BACE7 /* DetailInteractorImpl.swift in Sources */ = {isa = PBXBuildFile; fileRef = EBB2EE3B1ED40DAD002BACE7 /* DetailInteractorImpl.swift */; };
		EBB2EE5A1ED40DAD002BACE7 /* DetailPresenter.swift in Sources */ = {isa = PBXBuildFile; fileRef = EBB2EE3C1ED40DAD002BACE7 /* DetailPresenter.swift */; };
		EBB2EE5B1ED40DAD002BACE7 /* DetailPresenterImpl.swift in Sources */ = {isa = PBXBuildFile; fileRef = EBB2EE3D1ED40DAD002BACE7 /* DetailPresenterImpl.swift */; };
		EBB2EE5C1ED40DAD002BACE7 /* DetailView.swift in Sources */ = {isa = PBXBuildFile; fileRef = EBB2EE3E1ED40DAD002BACE7 /* DetailView.swift */; };
		EBB2EE5E1ED40DAD002BACE7 /* ListingCollectionViewCell.swift in Sources */ = {isa = PBXBuildFile; fileRef = EBB2EE411ED40DAD002BACE7 /* ListingCollectionViewCell.swift */; };
		EBB2EE5F1ED40DAD002BACE7 /* ListingConfigurator.swift in Sources */ = {isa = PBXBuildFile; fileRef = EBB2EE421ED40DAD002BACE7 /* ListingConfigurator.swift */; };
		EBB2EE601ED40DAD002BACE7 /* ListingDependecy.swift in Sources */ = {isa = PBXBuildFile; fileRef = EBB2EE431ED40DAD002BACE7 /* ListingDependecy.swift */; };
		EBB2EE611ED40DAD002BACE7 /* ListingInteractor.swift in Sources */ = {isa = PBXBuildFile; fileRef = EBB2EE441ED40DAD002BACE7 /* ListingInteractor.swift */; };
		EBB2EE621ED40DAD002BACE7 /* ListingInteractorImpl.swift in Sources */ = {isa = PBXBuildFile; fileRef = EBB2EE451ED40DAD002BACE7 /* ListingInteractorImpl.swift */; };
		EBB2EE631ED40DAD002BACE7 /* ListingPresenter.swift in Sources */ = {isa = PBXBuildFile; fileRef = EBB2EE461ED40DAD002BACE7 /* ListingPresenter.swift */; };
		EBB2EE641ED40DAD002BACE7 /* ListingPresenterImpl.swift in Sources */ = {isa = PBXBuildFile; fileRef = EBB2EE471ED40DAD002BACE7 /* ListingPresenterImpl.swift */; };
		EBB2EE651ED40DAD002BACE7 /* ListingTableViewCell.swift in Sources */ = {isa = PBXBuildFile; fileRef = EBB2EE481ED40DAD002BACE7 /* ListingTableViewCell.swift */; };
		EBB2EE661ED40DAD002BACE7 /* ListingTableViewCell.xib in Resources */ = {isa = PBXBuildFile; fileRef = EBB2EE491ED40DAD002BACE7 /* ListingTableViewCell.xib */; };
		EBB2EE671ED40DAD002BACE7 /* ListingView.swift in Sources */ = {isa = PBXBuildFile; fileRef = EBB2EE4A1ED40DAD002BACE7 /* ListingView.swift */; };
		EBB2EE681ED40DAD002BACE7 /* ListingViewController.swift in Sources */ = {isa = PBXBuildFile; fileRef = EBB2EE4B1ED40DAD002BACE7 /* ListingViewController.swift */; };
		EBB2EE691ED40DAD002BACE7 /* ListViewModel.swift in Sources */ = {isa = PBXBuildFile; fileRef = EBB2EE4C1ED40DAD002BACE7 /* ListViewModel.swift */; };
		EBB2EE6A1ED40DAD002BACE7 /* MovieGuide.ListingCollectionViewCell.xib in Resources */ = {isa = PBXBuildFile; fileRef = EBB2EE4D1ED40DAD002BACE7 /* MovieGuide.ListingCollectionViewCell.xib */; };
		EBB2EE6B1ED40DAD002BACE7 /* Config.xcconfig in Resources */ = {isa = PBXBuildFile; fileRef = EBB2EE4F1ED40DAD002BACE7 /* Config.xcconfig */; };
		EBB2EE6C1ED40DAD002BACE7 /* Constants.swift in Sources */ = {isa = PBXBuildFile; fileRef = EBB2EE501ED40DAD002BACE7 /* Constants.swift */; };
		EBB2EE6D1ED40DAD002BACE7 /* Keys.xcconfig in Resources */ = {isa = PBXBuildFile; fileRef = EBB2EE511ED40DAD002BACE7 /* Keys.xcconfig */; };
		EBB2EE6E1ED40DAD002BACE7 /* CustomPickerView.swift in Sources */ = {isa = PBXBuildFile; fileRef = EBB2EE531ED40DAD002BACE7 /* CustomPickerView.swift */; };
		EBB2EE6F1ED40DAD002BACE7 /* LocalStorage.swift in Sources */ = {isa = PBXBuildFile; fileRef = EBB2EE541ED40DAD002BACE7 /* LocalStorage.swift */; };
		EBB2EE701ED40DAD002BACE7 /* NibLoadableView.swift in Sources */ = {isa = PBXBuildFile; fileRef = EBB2EE551ED40DAD002BACE7 /* NibLoadableView.swift */; };
		EBB2EE711ED40DAD002BACE7 /* Observable+Extensions.swift in Sources */ = {isa = PBXBuildFile; fileRef = EBB2EE561ED40DAD002BACE7 /* Observable+Extensions.swift */; };
		EBB2EE721ED40DAD002BACE7 /* ResusableView.swift in Sources */ = {isa = PBXBuildFile; fileRef = EBB2EE571ED40DAD002BACE7 /* ResusableView.swift */; };
		EBB2EE741ED40F10002BACE7 /* DislikedMovies.swift in Sources */ = {isa = PBXBuildFile; fileRef = EBB2EE731ED40F10002BACE7 /* DislikedMovies.swift */; };
		EBC0A59F1E06B00B000D7788 /* AppDelegate.swift in Sources */ = {isa = PBXBuildFile; fileRef = EBC0A59E1E06B00B000D7788 /* AppDelegate.swift */; };
		EBC0A5A81E06B00B000D7788 /* Main.storyboard in Resources */ = {isa = PBXBuildFile; fileRef = EBC0A5A61E06B00B000D7788 /* Main.storyboard */; };
		EBC0A5AA1E06B00B000D7788 /* Assets.xcassets in Resources */ = {isa = PBXBuildFile; fileRef = EBC0A5A91E06B00B000D7788 /* Assets.xcassets */; };
		EBC0A5AD1E06B00B000D7788 /* LaunchScreen.storyboard in Resources */ = {isa = PBXBuildFile; fileRef = EBC0A5AB1E06B00B000D7788 /* LaunchScreen.storyboard */; };
		EBDA2D361E942BDB0033BF8F /* ListingViewControllerTests.swift in Sources */ = {isa = PBXBuildFile; fileRef = EBDA2D351E942BDB0033BF8F /* ListingViewControllerTests.swift */; };
/* End PBXBuildFile section */

/* Begin PBXContainerItemProxy section */
		EBC0A5B41E06B00C000D7788 /* PBXContainerItemProxy */ = {
			isa = PBXContainerItemProxy;
			containerPortal = EBC0A5931E06B00B000D7788 /* Project object */;
			proxyType = 1;
			remoteGlobalIDString = EBC0A59A1E06B00B000D7788;
			remoteInfo = MovieGuide;
		};
/* End PBXContainerItemProxy section */

/* Begin PBXFileReference section */
		14CBF48ACF3DD746B2F723B1 /* Pods-MovieGuide.release.xcconfig */ = {isa = PBXFileReference; includeInIndex = 1; lastKnownFileType = text.xcconfig; name = "Pods-MovieGuide.release.xcconfig"; path = "Pods/Target Support Files/Pods-MovieGuide/Pods-MovieGuide.release.xcconfig"; sourceTree = "<group>"; };
		1ED7D2BFBFAE648E9532F05E /* Pods-MovieGuideTests.debug.xcconfig */ = {isa = PBXFileReference; includeInIndex = 1; lastKnownFileType = text.xcconfig; name = "Pods-MovieGuideTests.debug.xcconfig"; path = "Pods/Target Support Files/Pods-MovieGuideTests/Pods-MovieGuideTests.debug.xcconfig"; sourceTree = "<group>"; };
		45A01567277F29884742E0B0 /* Pods_MovieGuideTests.framework */ = {isa = PBXFileReference; explicitFileType = wrapper.framework; includeInIndex = 0; path = Pods_MovieGuideTests.framework; sourceTree = BUILT_PRODUCTS_DIR; };
		71EDC773DFF6891DBEB3C3C4 /* Pods_MovieGuide.framework */ = {isa = PBXFileReference; explicitFileType = wrapper.framework; includeInIndex = 0; path = Pods_MovieGuide.framework; sourceTree = BUILT_PRODUCTS_DIR; };
		7EE934C4E79F0878CA8B6C15 /* Pods-MovieGuideTests.release.xcconfig */ = {isa = PBXFileReference; includeInIndex = 1; lastKnownFileType = text.xcconfig; name = "Pods-MovieGuideTests.release.xcconfig"; path = "Pods/Target Support Files/Pods-MovieGuideTests/Pods-MovieGuideTests.release.xcconfig"; sourceTree = "<group>"; };
		B860BE4D7738179F162C5688 /* Pods-MovieGuide.debug.xcconfig */ = {isa = PBXFileReference; includeInIndex = 1; lastKnownFileType = text.xcconfig; name = "Pods-MovieGuide.debug.xcconfig"; path = "Pods/Target Support Files/Pods-MovieGuide/Pods-MovieGuide.debug.xcconfig"; sourceTree = "<group>"; };
		EB15A6551EA7FD560081000E /* APIKeys.swift */ = {isa = PBXFileReference; fileEncoding = 4; lastKnownFileType = sourcecode.swift; path = APIKeys.swift; sourceTree = "<group>"; };
		EB1C1A201E1AA98B001AA9B7 /* Genre.swift */ = {isa = PBXFileReference; fileEncoding = 4; lastKnownFileType = sourcecode.swift; name = Genre.swift; path = Entities/Genre.swift; sourceTree = "<group>"; };
		EB1C1A211E1AA98B001AA9B7 /* Movie.swift */ = {isa = PBXFileReference; fileEncoding = 4; lastKnownFileType = sourcecode.swift; name = Movie.swift; path = Entities/Movie.swift; sourceTree = "<group>"; };
		EB1C1A221E1AA98B001AA9B7 /* SpokenLanguage.swift */ = {isa = PBXFileReference; fileEncoding = 4; lastKnownFileType = sourcecode.swift; name = SpokenLanguage.swift; path = Entities/SpokenLanguage.swift; sourceTree = "<group>"; };
		EB1C1A2A1E1AA9A5001AA9B7 /* MovieGuideEndpoint.swift */ = {isa = PBXFileReference; fileEncoding = 4; lastKnownFileType = sourcecode.swift; name = MovieGuideEndpoint.swift; path = Networking/MovieGuideEndpoint.swift; sourceTree = "<group>"; };
		EB1C1A2E1E1AAA15001AA9B7 /* ImageForMovies.json */ = {isa = PBXFileReference; fileEncoding = 4; lastKnownFileType = text.json; name = ImageForMovies.json; path = Networking/StubbedResponse/ImageForMovies.json; sourceTree = "<group>"; };
		EB1C1A2F1E1AAA15001AA9B7 /* MovieDetails.json */ = {isa = PBXFileReference; fileEncoding = 4; lastKnownFileType = text.json; name = MovieDetails.json; path = Networking/StubbedResponse/MovieDetails.json; sourceTree = "<group>"; };
		EB1C1A301E1AAA15001AA9B7 /* MoviesByOption.json */ = {isa = PBXFileReference; fileEncoding = 4; lastKnownFileType = text.json; name = MoviesByOption.json; path = Networking/StubbedResponse/MoviesByOption.json; sourceTree = "<group>"; };
		EB1C1A311E1AAA15001AA9B7 /* SimilarMovies.json */ = {isa = PBXFileReference; fileEncoding = 4; lastKnownFileType = text.json; name = SimilarMovies.json; path = Networking/StubbedResponse/SimilarMovies.json; sourceTree = "<group>"; };
		EB2BB2831EB492CE00EF0C32 /* ListingInteractorTest.swift */ = {isa = PBXFileReference; fileEncoding = 4; lastKnownFileType = sourcecode.swift; path = ListingInteractorTest.swift; sourceTree = "<group>"; };
		EB61AF251EA3EDBE000ED3F1 /* ListingPresenterTest.swift */ = {isa = PBXFileReference; fileEncoding = 4; lastKnownFileType = sourcecode.swift; path = ListingPresenterTest.swift; sourceTree = "<group>"; };
		EB8F01671E323D26002C62D0 /* ListingResponse.swift */ = {isa = PBXFileReference; fileEncoding = 4; lastKnownFileType = sourcecode.swift; name = ListingResponse.swift; path = API/ListingResponse.swift; sourceTree = "<group>"; };
		EB98EE441EA7DB0D00C34710 /* OnlineProvider.swift */ = {isa = PBXFileReference; fileEncoding = 4; lastKnownFileType = sourcecode.swift; name = OnlineProvider.swift; path = Networking/OnlineProvider.swift; sourceTree = "<group>"; };
		EBB2EE3A1ED40DAD002BACE7 /* DetailInteractor.swift */ = {isa = PBXFileReference; fileEncoding = 4; lastKnownFileType = sourcecode.swift; path = DetailInteractor.swift; sourceTree = "<group>"; };
		EBB2EE3B1ED40DAD002BACE7 /* DetailInteractorImpl.swift */ = {isa = PBXFileReference; fileEncoding = 4; lastKnownFileType = sourcecode.swift; path = DetailInteractorImpl.swift; sourceTree = "<group>"; };
		EBB2EE3C1ED40DAD002BACE7 /* DetailPresenter.swift */ = {isa = PBXFileReference; fileEncoding = 4; lastKnownFileType = sourcecode.swift; path = DetailPresenter.swift; sourceTree = "<group>"; };
		EBB2EE3D1ED40DAD002BACE7 /* DetailPresenterImpl.swift */ = {isa = PBXFileReference; fileEncoding = 4; lastKnownFileType = sourcecode.swift; path = DetailPresenterImpl.swift; sourceTree = "<group>"; };
		EBB2EE3E1ED40DAD002BACE7 /* DetailView.swift */ = {isa = PBXFileReference; fileEncoding = 4; lastKnownFileType = sourcecode.swift; path = DetailView.swift; sourceTree = "<group>"; };
		EBB2EE411ED40DAD002BACE7 /* ListingCollectionViewCell.swift */ = {isa = PBXFileReference; fileEncoding = 4; lastKnownFileType = sourcecode.swift; path = ListingCollectionViewCell.swift; sourceTree = "<group>"; };
		EBB2EE421ED40DAD002BACE7 /* ListingConfigurator.swift */ = {isa = PBXFileReference; fileEncoding = 4; lastKnownFileType = sourcecode.swift; path = ListingConfigurator.swift; sourceTree = "<group>"; };
		EBB2EE431ED40DAD002BACE7 /* ListingDependecy.swift */ = {isa = PBXFileReference; fileEncoding = 4; lastKnownFileType = sourcecode.swift; path = ListingDependecy.swift; sourceTree = "<group>"; };
		EBB2EE441ED40DAD002BACE7 /* ListingInteractor.swift */ = {isa = PBXFileReference; fileEncoding = 4; lastKnownFileType = sourcecode.swift; path = ListingInteractor.swift; sourceTree = "<group>"; };
		EBB2EE451ED40DAD002BACE7 /* ListingInteractorImpl.swift */ = {isa = PBXFileReference; fileEncoding = 4; lastKnownFileType = sourcecode.swift; path = ListingInteractorImpl.swift; sourceTree = "<group>"; };
		EBB2EE461ED40DAD002BACE7 /* ListingPresenter.swift */ = {isa = PBXFileReference; fileEncoding = 4; lastKnownFileType = sourcecode.swift; path = ListingPresenter.swift; sourceTree = "<group>"; };
		EBB2EE471ED40DAD002BACE7 /* ListingPresenterImpl.swift */ = {isa = PBXFileReference; fileEncoding = 4; lastKnownFileType = sourcecode.swift; path = ListingPresenterImpl.swift; sourceTree = "<group>"; };
		EBB2EE481ED40DAD002BACE7 /* ListingTableViewCell.swift */ = {isa = PBXFileReference; fileEncoding = 4; lastKnownFileType = sourcecode.swift; path = ListingTableViewCell.swift; sourceTree = "<group>"; };
		EBB2EE491ED40DAD002BACE7 /* ListingTableViewCell.xib */ = {isa = PBXFileReference; fileEncoding = 4; lastKnownFileType = file.xib; path = ListingTableViewCell.xib; sourceTree = "<group>"; };
		EBB2EE4A1ED40DAD002BACE7 /* ListingView.swift */ = {isa = PBXFileReference; fileEncoding = 4; lastKnownFileType = sourcecode.swift; path = ListingView.swift; sourceTree = "<group>"; };
		EBB2EE4B1ED40DAD002BACE7 /* ListingViewController.swift */ = {isa = PBXFileReference; fileEncoding = 4; lastKnownFileType = sourcecode.swift; path = ListingViewController.swift; sourceTree = "<group>"; };
		EBB2EE4C1ED40DAD002BACE7 /* ListViewModel.swift */ = {isa = PBXFileReference; fileEncoding = 4; lastKnownFileType = sourcecode.swift; path = ListViewModel.swift; sourceTree = "<group>"; };
		EBB2EE4D1ED40DAD002BACE7 /* MovieGuide.ListingCollectionViewCell.xib */ = {isa = PBXFileReference; fileEncoding = 4; lastKnownFileType = file.xib; path = MovieGuide.ListingCollectionViewCell.xib; sourceTree = "<group>"; };
		EBB2EE4F1ED40DAD002BACE7 /* Config.xcconfig */ = {isa = PBXFileReference; fileEncoding = 4; lastKnownFileType = text.xcconfig; path = Config.xcconfig; sourceTree = "<group>"; };
		EBB2EE501ED40DAD002BACE7 /* Constants.swift */ = {isa = PBXFileReference; fileEncoding = 4; lastKnownFileType = sourcecode.swift; path = Constants.swift; sourceTree = "<group>"; };
		EBB2EE511ED40DAD002BACE7 /* Keys.xcconfig */ = {isa = PBXFileReference; fileEncoding = 4; lastKnownFileType = text.xcconfig; path = Keys.xcconfig; sourceTree = "<group>"; };
		EBB2EE531ED40DAD002BACE7 /* CustomPickerView.swift */ = {isa = PBXFileReference; fileEncoding = 4; lastKnownFileType = sourcecode.swift; path = CustomPickerView.swift; sourceTree = "<group>"; };
		EBB2EE541ED40DAD002BACE7 /* LocalStorage.swift */ = {isa = PBXFileReference; fileEncoding = 4; lastKnownFileType = sourcecode.swift; path = LocalStorage.swift; sourceTree = "<group>"; };
		EBB2EE551ED40DAD002BACE7 /* NibLoadableView.swift */ = {isa = PBXFileReference; fileEncoding = 4; lastKnownFileType = sourcecode.swift; path = NibLoadableView.swift; sourceTree = "<group>"; };
		EBB2EE561ED40DAD002BACE7 /* Observable+Extensions.swift */ = {isa = PBXFileReference; fileEncoding = 4; lastKnownFileType = sourcecode.swift; path = "Observable+Extensions.swift"; sourceTree = "<group>"; };
		EBB2EE571ED40DAD002BACE7 /* ResusableView.swift */ = {isa = PBXFileReference; fileEncoding = 4; lastKnownFileType = sourcecode.swift; path = ResusableView.swift; sourceTree = "<group>"; };
		EBB2EE731ED40F10002BACE7 /* DislikedMovies.swift */ = {isa = PBXFileReference; fileEncoding = 4; lastKnownFileType = sourcecode.swift; name = DislikedMovies.swift; path = Entities/DislikedMovies.swift; sourceTree = "<group>"; };
		EBC0A59B1E06B00B000D7788 /* MovieGuide.app */ = {isa = PBXFileReference; explicitFileType = wrapper.application; includeInIndex = 0; path = MovieGuide.app; sourceTree = BUILT_PRODUCTS_DIR; };
		EBC0A59E1E06B00B000D7788 /* AppDelegate.swift */ = {isa = PBXFileReference; lastKnownFileType = sourcecode.swift; path = AppDelegate.swift; sourceTree = "<group>"; };
		EBC0A5A71E06B00B000D7788 /* Base */ = {isa = PBXFileReference; lastKnownFileType = file.storyboard; name = Base; path = Base.lproj/Main.storyboard; sourceTree = "<group>"; };
		EBC0A5A91E06B00B000D7788 /* Assets.xcassets */ = {isa = PBXFileReference; lastKnownFileType = folder.assetcatalog; path = Assets.xcassets; sourceTree = "<group>"; };
		EBC0A5AC1E06B00B000D7788 /* Base */ = {isa = PBXFileReference; lastKnownFileType = file.storyboard; name = Base; path = Base.lproj/LaunchScreen.storyboard; sourceTree = "<group>"; };
		EBC0A5AE1E06B00B000D7788 /* Info.plist */ = {isa = PBXFileReference; lastKnownFileType = text.plist.xml; path = Info.plist; sourceTree = "<group>"; };
		EBC0A5B31E06B00C000D7788 /* MovieGuideTests.xctest */ = {isa = PBXFileReference; explicitFileType = wrapper.cfbundle; includeInIndex = 0; path = MovieGuideTests.xctest; sourceTree = BUILT_PRODUCTS_DIR; };
		EBC0A5B91E06B00C000D7788 /* Info.plist */ = {isa = PBXFileReference; lastKnownFileType = text.plist.xml; path = Info.plist; sourceTree = "<group>"; };
		EBDA2D351E942BDB0033BF8F /* ListingViewControllerTests.swift */ = {isa = PBXFileReference; fileEncoding = 4; lastKnownFileType = sourcecode.swift; path = ListingViewControllerTests.swift; sourceTree = "<group>"; };
/* End PBXFileReference section */

/* Begin PBXFrameworksBuildPhase section */
		EBC0A5981E06B00B000D7788 /* Frameworks */ = {
			isa = PBXFrameworksBuildPhase;
			buildActionMask = 2147483647;
			files = (
				E2D1750814DA7408CFDC81DD /* Pods_MovieGuide.framework in Frameworks */,
			);
			runOnlyForDeploymentPostprocessing = 0;
		};
		EBC0A5B01E06B00C000D7788 /* Frameworks */ = {
			isa = PBXFrameworksBuildPhase;
			buildActionMask = 2147483647;
			files = (
				C0912705254886EF4DCCCDBE /* Pods_MovieGuideTests.framework in Frameworks */,
			);
			runOnlyForDeploymentPostprocessing = 0;
		};
/* End PBXFrameworksBuildPhase section */

/* Begin PBXGroup section */
		94F29199CB61DB8B88DF6C36 /* Frameworks */ = {
			isa = PBXGroup;
			children = (
				71EDC773DFF6891DBEB3C3C4 /* Pods_MovieGuide.framework */,
				45A01567277F29884742E0B0 /* Pods_MovieGuideTests.framework */,
			);
			name = Frameworks;
			sourceTree = "<group>";
		};
		B6D90DCE3DED75FF23DC7A2A /* Pods */ = {
			isa = PBXGroup;
			children = (
				B860BE4D7738179F162C5688 /* Pods-MovieGuide.debug.xcconfig */,
				14CBF48ACF3DD746B2F723B1 /* Pods-MovieGuide.release.xcconfig */,
				1ED7D2BFBFAE648E9532F05E /* Pods-MovieGuideTests.debug.xcconfig */,
				7EE934C4E79F0878CA8B6C15 /* Pods-MovieGuideTests.release.xcconfig */,
			);
			name = Pods;
			sourceTree = "<group>";
		};
		EB1C1A1B1E1AA94E001AA9B7 /* Entities */ = {
			isa = PBXGroup;
			children = (
				EBB2EE731ED40F10002BACE7 /* DislikedMovies.swift */,
				EB1C1A201E1AA98B001AA9B7 /* Genre.swift */,
				EB1C1A211E1AA98B001AA9B7 /* Movie.swift */,
				EB1C1A221E1AA98B001AA9B7 /* SpokenLanguage.swift */,
			);
			name = Entities;
			sourceTree = "<group>";
		};
		EB1C1A1D1E1AA95F001AA9B7 /* Networking */ = {
			isa = PBXGroup;
			children = (
				EB1C1A2D1E1AA9CF001AA9B7 /* Stubbed Responses */,
				EB1C1A2A1E1AA9A5001AA9B7 /* MovieGuideEndpoint.swift */,
				EB98EE441EA7DB0D00C34710 /* OnlineProvider.swift */,
				EB15A6551EA7FD560081000E /* APIKeys.swift */,
			);
			name = Networking;
			sourceTree = "<group>";
		};
		EB1C1A2D1E1AA9CF001AA9B7 /* Stubbed Responses */ = {
			isa = PBXGroup;
			children = (
				EB1C1A2E1E1AAA15001AA9B7 /* ImageForMovies.json */,
				EB1C1A2F1E1AAA15001AA9B7 /* MovieDetails.json */,
				EB1C1A301E1AAA15001AA9B7 /* MoviesByOption.json */,
				EB1C1A311E1AAA15001AA9B7 /* SimilarMovies.json */,
			);
			name = "Stubbed Responses";
			sourceTree = "<group>";
		};
		EB8F01661E323CF6002C62D0 /* API */ = {
			isa = PBXGroup;
			children = (
				EB8F01671E323D26002C62D0 /* ListingResponse.swift */,
			);
			name = API;
			sourceTree = "<group>";
		};
		EBB2EE391ED40DAD002BACE7 /* Movie Details */ = {
			isa = PBXGroup;
			children = (
				EBB2EE3A1ED40DAD002BACE7 /* DetailInteractor.swift */,
				EBB2EE3B1ED40DAD002BACE7 /* DetailInteractorImpl.swift */,
				EBB2EE3C1ED40DAD002BACE7 /* DetailPresenter.swift */,
				EBB2EE3D1ED40DAD002BACE7 /* DetailPresenterImpl.swift */,
				EBB2EE3E1ED40DAD002BACE7 /* DetailView.swift */,
			);
			path = "Movie Details";
			sourceTree = "<group>";
		};
		EBB2EE3F1ED40DAD002BACE7 /* Movie Listings */ = {
			isa = PBXGroup;
			children = (
				EBB2EE411ED40DAD002BACE7 /* ListingCollectionViewCell.swift */,
				EBB2EE421ED40DAD002BACE7 /* ListingConfigurator.swift */,
				EBB2EE431ED40DAD002BACE7 /* ListingDependecy.swift */,
				EBB2EE441ED40DAD002BACE7 /* ListingInteractor.swift */,
				EBB2EE451ED40DAD002BACE7 /* ListingInteractorImpl.swift */,
				EBB2EE461ED40DAD002BACE7 /* ListingPresenter.swift */,
				EBB2EE471ED40DAD002BACE7 /* ListingPresenterImpl.swift */,
				EBB2EE481ED40DAD002BACE7 /* ListingTableViewCell.swift */,
				EBB2EE491ED40DAD002BACE7 /* ListingTableViewCell.xib */,
				EBB2EE4A1ED40DAD002BACE7 /* ListingView.swift */,
				EBB2EE4B1ED40DAD002BACE7 /* ListingViewController.swift */,
				EBB2EE4C1ED40DAD002BACE7 /* ListViewModel.swift */,
				EBB2EE4D1ED40DAD002BACE7 /* MovieGuide.ListingCollectionViewCell.xib */,
			);
			path = "Movie Listings";
			sourceTree = "<group>";
		};
		EBB2EE4E1ED40DAD002BACE7 /* Resources */ = {
			isa = PBXGroup;
			children = (
				EBB2EE4F1ED40DAD002BACE7 /* Config.xcconfig */,
				EBB2EE501ED40DAD002BACE7 /* Constants.swift */,
				EBB2EE511ED40DAD002BACE7 /* Keys.xcconfig */,
			);
			path = Resources;
			sourceTree = "<group>";
		};
		EBB2EE521ED40DAD002BACE7 /* Utility */ = {
			isa = PBXGroup;
			children = (
				EBB2EE531ED40DAD002BACE7 /* CustomPickerView.swift */,
				EBB2EE541ED40DAD002BACE7 /* LocalStorage.swift */,
				EBB2EE551ED40DAD002BACE7 /* NibLoadableView.swift */,
				EBB2EE561ED40DAD002BACE7 /* Observable+Extensions.swift */,
				EBB2EE571ED40DAD002BACE7 /* ResusableView.swift */,
			);
			path = Utility;
			sourceTree = "<group>";
		};
		EBC0A5921E06B00B000D7788 = {
			isa = PBXGroup;
			children = (
				EBC0A59D1E06B00B000D7788 /* MovieGuide */,
				EBC0A5B61E06B00C000D7788 /* MovieGuideTests */,
				EBC0A59C1E06B00B000D7788 /* Products */,
				B6D90DCE3DED75FF23DC7A2A /* Pods */,
				94F29199CB61DB8B88DF6C36 /* Frameworks */,
			);
			sourceTree = "<group>";
		};
		EBC0A59C1E06B00B000D7788 /* Products */ = {
			isa = PBXGroup;
			children = (
				EBC0A59B1E06B00B000D7788 /* MovieGuide.app */,
				EBC0A5B31E06B00C000D7788 /* MovieGuideTests.xctest */,
			);
			name = Products;
			sourceTree = "<group>";
		};
		EBC0A59D1E06B00B000D7788 /* MovieGuide */ = {
			isa = PBXGroup;
			children = (
				EBB2EE391ED40DAD002BACE7 /* Movie Details */,
				EBB2EE3F1ED40DAD002BACE7 /* Movie Listings */,
				EBB2EE4E1ED40DAD002BACE7 /* Resources */,
				EBB2EE521ED40DAD002BACE7 /* Utility */,
				EB8F01661E323CF6002C62D0 /* API */,
				EB1C1A1D1E1AA95F001AA9B7 /* Networking */,
				EB1C1A1B1E1AA94E001AA9B7 /* Entities */,
				EBC0A59E1E06B00B000D7788 /* AppDelegate.swift */,
				EBC0A5A61E06B00B000D7788 /* Main.storyboard */,
				EBC0A5A91E06B00B000D7788 /* Assets.xcassets */,
				EBC0A5AB1E06B00B000D7788 /* LaunchScreen.storyboard */,
				EBC0A5AE1E06B00B000D7788 /* Info.plist */,
			);
			path = MovieGuide;
			sourceTree = "<group>";
		};
		EBC0A5B61E06B00C000D7788 /* MovieGuideTests */ = {
			isa = PBXGroup;
			children = (
				EBDA2D341E942BB00033BF8F /* MovieListingTests */,
				EBC0A5B91E06B00C000D7788 /* Info.plist */,
			);
			path = MovieGuideTests;
			sourceTree = "<group>";
		};
		EBDA2D341E942BB00033BF8F /* MovieListingTests */ = {
			isa = PBXGroup;
			children = (
				EBDA2D351E942BDB0033BF8F /* ListingViewControllerTests.swift */,
				EB61AF251EA3EDBE000ED3F1 /* ListingPresenterTest.swift */,
				EB2BB2831EB492CE00EF0C32 /* ListingInteractorTest.swift */,
			);
			name = MovieListingTests;
			sourceTree = "<group>";
		};
/* End PBXGroup section */

/* Begin PBXNativeTarget section */
		EBC0A59A1E06B00B000D7788 /* MovieGuide */ = {
			isa = PBXNativeTarget;
			buildConfigurationList = EBC0A5BC1E06B00C000D7788 /* Build configuration list for PBXNativeTarget "MovieGuide" */;
			buildPhases = (
				9F08045E704D5E1C8A36E985 /* [CP] Check Pods Manifest.lock */,
				EBC0A5971E06B00B000D7788 /* Sources */,
				EBC0A5981E06B00B000D7788 /* Frameworks */,
				EBC0A5991E06B00B000D7788 /* Resources */,
				0F5BBD8EA287975AAF63DD8B /* [CP] Embed Pods Frameworks */,
				2CD2BDD7DF1320A72E48B739 /* [CP] Copy Pods Resources */,
			);
			buildRules = (
			);
			dependencies = (
			);
			name = MovieGuide;
			productName = MovieGuide;
			productReference = EBC0A59B1E06B00B000D7788 /* MovieGuide.app */;
			productType = "com.apple.product-type.application";
		};
		EBC0A5B21E06B00C000D7788 /* MovieGuideTests */ = {
			isa = PBXNativeTarget;
			buildConfigurationList = EBC0A5BF1E06B00C000D7788 /* Build configuration list for PBXNativeTarget "MovieGuideTests" */;
			buildPhases = (
				730216C9E7C661F911A9817C /* [CP] Check Pods Manifest.lock */,
				EBC0A5AF1E06B00C000D7788 /* Sources */,
				EBC0A5B01E06B00C000D7788 /* Frameworks */,
				EBC0A5B11E06B00C000D7788 /* Resources */,
				44647344363DAA12DD7042D2 /* [CP] Embed Pods Frameworks */,
				8E6C22B95D0E37CCC6B3622F /* [CP] Copy Pods Resources */,
			);
			buildRules = (
			);
			dependencies = (
				EBC0A5B51E06B00C000D7788 /* PBXTargetDependency */,
			);
			name = MovieGuideTests;
			productName = MovieGuideTests;
			productReference = EBC0A5B31E06B00C000D7788 /* MovieGuideTests.xctest */;
			productType = "com.apple.product-type.bundle.unit-test";
		};
/* End PBXNativeTarget section */

/* Begin PBXProject section */
		EBC0A5931E06B00B000D7788 /* Project object */ = {
			isa = PBXProject;
			attributes = {
				LastSwiftUpdateCheck = 0800;
				LastUpgradeCheck = 0820;
				ORGANIZATIONNAME = "Saket Gupte";
				TargetAttributes = {
					EBC0A59A1E06B00B000D7788 = {
						CreatedOnToolsVersion = 8.0;
						ProvisioningStyle = Automatic;
					};
					EBC0A5B21E06B00C000D7788 = {
						CreatedOnToolsVersion = 8.0;
						ProvisioningStyle = Automatic;
						TestTargetID = EBC0A59A1E06B00B000D7788;
					};
				};
			};
			buildConfigurationList = EBC0A5961E06B00B000D7788 /* Build configuration list for PBXProject "MovieGuide" */;
			compatibilityVersion = "Xcode 3.2";
			developmentRegion = English;
			hasScannedForEncodings = 0;
			knownRegions = (
				en,
				Base,
			);
			mainGroup = EBC0A5921E06B00B000D7788;
			productRefGroup = EBC0A59C1E06B00B000D7788 /* Products */;
			projectDirPath = "";
			projectRoot = "";
			targets = (
				EBC0A59A1E06B00B000D7788 /* MovieGuide */,
				EBC0A5B21E06B00C000D7788 /* MovieGuideTests */,
			);
		};
/* End PBXProject section */

/* Begin PBXResourcesBuildPhase section */
		EBC0A5991E06B00B000D7788 /* Resources */ = {
			isa = PBXResourcesBuildPhase;
			buildActionMask = 2147483647;
			files = (
				EB1C1A321E1AAA15001AA9B7 /* ImageForMovies.json in Resources */,
				EB1C1A341E1AAA15001AA9B7 /* MoviesByOption.json in Resources */,
				EB1C1A351E1AAA15001AA9B7 /* SimilarMovies.json in Resources */,
				EB1C1A331E1AAA15001AA9B7 /* MovieDetails.json in Resources */,
				EBB2EE6A1ED40DAD002BACE7 /* MovieGuide.ListingCollectionViewCell.xib in Resources */,
				EBC0A5AD1E06B00B000D7788 /* LaunchScreen.storyboard in Resources */,
				EBB2EE6B1ED40DAD002BACE7 /* Config.xcconfig in Resources */,
				EBC0A5AA1E06B00B000D7788 /* Assets.xcassets in Resources */,
				EBB2EE661ED40DAD002BACE7 /* ListingTableViewCell.xib in Resources */,
				EBB2EE6D1ED40DAD002BACE7 /* Keys.xcconfig in Resources */,
				EBC0A5A81E06B00B000D7788 /* Main.storyboard in Resources */,
			);
			runOnlyForDeploymentPostprocessing = 0;
		};
		EBC0A5B11E06B00C000D7788 /* Resources */ = {
			isa = PBXResourcesBuildPhase;
			buildActionMask = 2147483647;
			files = (
			);
			runOnlyForDeploymentPostprocessing = 0;
		};
/* End PBXResourcesBuildPhase section */

/* Begin PBXShellScriptBuildPhase section */
		0F5BBD8EA287975AAF63DD8B /* [CP] Embed Pods Frameworks */ = {
			isa = PBXShellScriptBuildPhase;
			buildActionMask = 2147483647;
			files = (
			);
			inputPaths = (
			);
			name = "[CP] Embed Pods Frameworks";
			outputPaths = (
			);
			runOnlyForDeploymentPostprocessing = 0;
			shellPath = /bin/sh;
			shellScript = "\"${SRCROOT}/Pods/Target Support Files/Pods-MovieGuide/Pods-MovieGuide-frameworks.sh\"\n";
			showEnvVarsInLog = 0;
		};
		2CD2BDD7DF1320A72E48B739 /* [CP] Copy Pods Resources */ = {
			isa = PBXShellScriptBuildPhase;
			buildActionMask = 2147483647;
			files = (
			);
			inputPaths = (
			);
			name = "[CP] Copy Pods Resources";
			outputPaths = (
			);
			runOnlyForDeploymentPostprocessing = 0;
			shellPath = /bin/sh;
			shellScript = "\"${SRCROOT}/Pods/Target Support Files/Pods-MovieGuide/Pods-MovieGuide-resources.sh\"\n";
			showEnvVarsInLog = 0;
		};
		44647344363DAA12DD7042D2 /* [CP] Embed Pods Frameworks */ = {
			isa = PBXShellScriptBuildPhase;
			buildActionMask = 2147483647;
			files = (
			);
			inputPaths = (
			);
			name = "[CP] Embed Pods Frameworks";
			outputPaths = (
			);
			runOnlyForDeploymentPostprocessing = 0;
			shellPath = /bin/sh;
			shellScript = "\"${SRCROOT}/Pods/Target Support Files/Pods-MovieGuideTests/Pods-MovieGuideTests-frameworks.sh\"\n";
			showEnvVarsInLog = 0;
		};
		730216C9E7C661F911A9817C /* [CP] Check Pods Manifest.lock */ = {
			isa = PBXShellScriptBuildPhase;
			buildActionMask = 2147483647;
			files = (
			);
			inputPaths = (
			);
			name = "[CP] Check Pods Manifest.lock";
			outputPaths = (
			);
			runOnlyForDeploymentPostprocessing = 0;
			shellPath = /bin/sh;
			shellScript = "diff \"${PODS_ROOT}/../Podfile.lock\" \"${PODS_ROOT}/Manifest.lock\" > /dev/null\nif [ $? != 0 ] ; then\n    # print error to STDERR\n    echo \"error: The sandbox is not in sync with the Podfile.lock. Run 'pod install' or update your CocoaPods installation.\" >&2\n    exit 1\nfi\n";
			showEnvVarsInLog = 0;
		};
		8E6C22B95D0E37CCC6B3622F /* [CP] Copy Pods Resources */ = {
			isa = PBXShellScriptBuildPhase;
			buildActionMask = 2147483647;
			files = (
			);
			inputPaths = (
			);
			name = "[CP] Copy Pods Resources";
			outputPaths = (
			);
			runOnlyForDeploymentPostprocessing = 0;
			shellPath = /bin/sh;
			shellScript = "\"${SRCROOT}/Pods/Target Support Files/Pods-MovieGuideTests/Pods-MovieGuideTests-resources.sh\"\n";
			showEnvVarsInLog = 0;
		};
		9F08045E704D5E1C8A36E985 /* [CP] Check Pods Manifest.lock */ = {
			isa = PBXShellScriptBuildPhase;
			buildActionMask = 2147483647;
			files = (
			);
			inputPaths = (
			);
			name = "[CP] Check Pods Manifest.lock";
			outputPaths = (
			);
			runOnlyForDeploymentPostprocessing = 0;
			shellPath = /bin/sh;
			shellScript = "diff \"${PODS_ROOT}/../Podfile.lock\" \"${PODS_ROOT}/Manifest.lock\" > /dev/null\nif [ $? != 0 ] ; then\n    # print error to STDERR\n    echo \"error: The sandbox is not in sync with the Podfile.lock. Run 'pod install' or update your CocoaPods installation.\" >&2\n    exit 1\nfi\n";
			showEnvVarsInLog = 0;
		};
/* End PBXShellScriptBuildPhase section */

/* Begin PBXSourcesBuildPhase section */
		EBC0A5971E06B00B000D7788 /* Sources */ = {
			isa = PBXSourcesBuildPhase;
			buildActionMask = 2147483647;
			files = (
				EBB2EE591ED40DAD002BACE7 /* DetailInteractorImpl.swift in Sources */,
				EBB2EE621ED40DAD002BACE7 /* ListingInteractorImpl.swift in Sources */,
				EBB2EE581ED40DAD002BACE7 /* DetailInteractor.swift in Sources */,
				EBB2EE5C1ED40DAD002BACE7 /* DetailView.swift in Sources */,
				EBB2EE701ED40DAD002BACE7 /* NibLoadableView.swift in Sources */,
				EBB2EE5F1ED40DAD002BACE7 /* ListingConfigurator.swift in Sources */,
				EB98EE451EA7DB0D00C34710 /* OnlineProvider.swift in Sources */,
				EB1C1A241E1AA98B001AA9B7 /* Movie.swift in Sources */,
				EBC0A59F1E06B00B000D7788 /* AppDelegate.swift in Sources */,
				EB15A6561EA7FD560081000E /* APIKeys.swift in Sources */,
				EB1C1A231E1AA98B001AA9B7 /* Genre.swift in Sources */,
				EB1C1A2B1E1AA9A5001AA9B7 /* MovieGuideEndpoint.swift in Sources */,
				EBB2EE741ED40F10002BACE7 /* DislikedMovies.swift in Sources */,
				EBB2EE651ED40DAD002BACE7 /* ListingTableViewCell.swift in Sources */,
				EBB2EE721ED40DAD002BACE7 /* ResusableView.swift in Sources */,
				EBB2EE5E1ED40DAD002BACE7 /* ListingCollectionViewCell.swift in Sources */,
				EBB2EE631ED40DAD002BACE7 /* ListingPresenter.swift in Sources */,
				EB8F01681E323D26002C62D0 /* ListingResponse.swift in Sources */,
				EBB2EE6F1ED40DAD002BACE7 /* LocalStorage.swift in Sources */,
				EBB2EE6E1ED40DAD002BACE7 /* CustomPickerView.swift in Sources */,
				EBB2EE671ED40DAD002BACE7 /* ListingView.swift in Sources */,
				EBB2EE711ED40DAD002BACE7 /* Observable+Extensions.swift in Sources */,
				EBB2EE611ED40DAD002BACE7 /* ListingInteractor.swift in Sources */,
				EBB2EE681ED40DAD002BACE7 /* ListingViewController.swift in Sources */,
				EB1C1A251E1AA98B001AA9B7 /* SpokenLanguage.swift in Sources */,
				EBB2EE5B1ED40DAD002BACE7 /* DetailPresenterImpl.swift in Sources */,
				EBB2EE691ED40DAD002BACE7 /* ListViewModel.swift in Sources */,
				EBB2EE601ED40DAD002BACE7 /* ListingDependecy.swift in Sources */,
				EBB2EE5A1ED40DAD002BACE7 /* DetailPresenter.swift in Sources */,
				EBB2EE641ED40DAD002BACE7 /* ListingPresenterImpl.swift in Sources */,
				EBB2EE6C1ED40DAD002BACE7 /* Constants.swift in Sources */,
			);
			runOnlyForDeploymentPostprocessing = 0;
		};
		EBC0A5AF1E06B00C000D7788 /* Sources */ = {
			isa = PBXSourcesBuildPhase;
			buildActionMask = 2147483647;
			files = (
				EB2BB2841EB492CE00EF0C32 /* ListingInteractorTest.swift in Sources */,
				EBDA2D361E942BDB0033BF8F /* ListingViewControllerTests.swift in Sources */,
				EB61AF261EA3EDBE000ED3F1 /* ListingPresenterTest.swift in Sources */,
			);
			runOnlyForDeploymentPostprocessing = 0;
		};
/* End PBXSourcesBuildPhase section */

/* Begin PBXTargetDependency section */
		EBC0A5B51E06B00C000D7788 /* PBXTargetDependency */ = {
			isa = PBXTargetDependency;
			target = EBC0A59A1E06B00B000D7788 /* MovieGuide */;
			targetProxy = EBC0A5B41E06B00C000D7788 /* PBXContainerItemProxy */;
		};
/* End PBXTargetDependency section */

/* Begin PBXVariantGroup section */
		EBC0A5A61E06B00B000D7788 /* Main.storyboard */ = {
			isa = PBXVariantGroup;
			children = (
				EBC0A5A71E06B00B000D7788 /* Base */,
			);
			name = Main.storyboard;
			sourceTree = "<group>";
		};
		EBC0A5AB1E06B00B000D7788 /* LaunchScreen.storyboard */ = {
			isa = PBXVariantGroup;
			children = (
				EBC0A5AC1E06B00B000D7788 /* Base */,
			);
			name = LaunchScreen.storyboard;
			sourceTree = "<group>";
		};
/* End PBXVariantGroup section */

/* Begin XCBuildConfiguration section */
		EBC0A5BA1E06B00C000D7788 /* Debug */ = {
			isa = XCBuildConfiguration;
			buildSettings = {
				ALWAYS_SEARCH_USER_PATHS = NO;
				CLANG_ANALYZER_NONNULL = YES;
				CLANG_CXX_LANGUAGE_STANDARD = "gnu++0x";
				CLANG_CXX_LIBRARY = "libc++";
				CLANG_ENABLE_MODULES = YES;
				CLANG_ENABLE_OBJC_ARC = YES;
				CLANG_WARN_BOOL_CONVERSION = YES;
				CLANG_WARN_CONSTANT_CONVERSION = YES;
				CLANG_WARN_DIRECT_OBJC_ISA_USAGE = YES_ERROR;
				CLANG_WARN_DOCUMENTATION_COMMENTS = YES;
				CLANG_WARN_EMPTY_BODY = YES;
				CLANG_WARN_ENUM_CONVERSION = YES;
				CLANG_WARN_INFINITE_RECURSION = YES;
				CLANG_WARN_INT_CONVERSION = YES;
				CLANG_WARN_OBJC_ROOT_CLASS = YES_ERROR;
				CLANG_WARN_SUSPICIOUS_MOVE = YES;
				CLANG_WARN_SUSPICIOUS_MOVES = YES;
				CLANG_WARN_UNREACHABLE_CODE = YES;
				CLANG_WARN__DUPLICATE_METHOD_MATCH = YES;
				"CODE_SIGN_IDENTITY[sdk=iphoneos*]" = "iPhone Developer";
				COPY_PHASE_STRIP = NO;
				DEBUG_INFORMATION_FORMAT = dwarf;
				ENABLE_STRICT_OBJC_MSGSEND = YES;
				ENABLE_TESTABILITY = YES;
				GCC_C_LANGUAGE_STANDARD = gnu99;
				GCC_DYNAMIC_NO_PIC = NO;
				GCC_NO_COMMON_BLOCKS = YES;
				GCC_OPTIMIZATION_LEVEL = 0;
				GCC_PREPROCESSOR_DEFINITIONS = (
					"DEBUG=1",
					"$(inherited)",
				);
				GCC_WARN_64_TO_32_BIT_CONVERSION = YES;
				GCC_WARN_ABOUT_RETURN_TYPE = YES_ERROR;
				GCC_WARN_UNDECLARED_SELECTOR = YES;
				GCC_WARN_UNINITIALIZED_AUTOS = YES_AGGRESSIVE;
				GCC_WARN_UNUSED_FUNCTION = YES;
				GCC_WARN_UNUSED_VARIABLE = YES;
				IPHONEOS_DEPLOYMENT_TARGET = 10.0;
				MTL_ENABLE_DEBUG_INFO = YES;
				ONLY_ACTIVE_ARCH = YES;
				SDKROOT = iphoneos;
				SWIFT_ACTIVE_COMPILATION_CONDITIONS = DEBUG;
				SWIFT_OPTIMIZATION_LEVEL = "-Onone";
				TARGETED_DEVICE_FAMILY = "1,2";
			};
			name = Debug;
		};
		EBC0A5BB1E06B00C000D7788 /* Release */ = {
			isa = XCBuildConfiguration;
			buildSettings = {
				ALWAYS_SEARCH_USER_PATHS = NO;
				CLANG_ANALYZER_NONNULL = YES;
				CLANG_CXX_LANGUAGE_STANDARD = "gnu++0x";
				CLANG_CXX_LIBRARY = "libc++";
				CLANG_ENABLE_MODULES = YES;
				CLANG_ENABLE_OBJC_ARC = YES;
				CLANG_WARN_BOOL_CONVERSION = YES;
				CLANG_WARN_CONSTANT_CONVERSION = YES;
				CLANG_WARN_DIRECT_OBJC_ISA_USAGE = YES_ERROR;
				CLANG_WARN_DOCUMENTATION_COMMENTS = YES;
				CLANG_WARN_EMPTY_BODY = YES;
				CLANG_WARN_ENUM_CONVERSION = YES;
				CLANG_WARN_INFINITE_RECURSION = YES;
				CLANG_WARN_INT_CONVERSION = YES;
				CLANG_WARN_OBJC_ROOT_CLASS = YES_ERROR;
				CLANG_WARN_SUSPICIOUS_MOVE = YES;
				CLANG_WARN_SUSPICIOUS_MOVES = YES;
				CLANG_WARN_UNREACHABLE_CODE = YES;
				CLANG_WARN__DUPLICATE_METHOD_MATCH = YES;
				"CODE_SIGN_IDENTITY[sdk=iphoneos*]" = "iPhone Developer";
				COPY_PHASE_STRIP = NO;
				DEBUG_INFORMATION_FORMAT = "dwarf-with-dsym";
				ENABLE_NS_ASSERTIONS = NO;
				ENABLE_STRICT_OBJC_MSGSEND = YES;
				GCC_C_LANGUAGE_STANDARD = gnu99;
				GCC_NO_COMMON_BLOCKS = YES;
				GCC_WARN_64_TO_32_BIT_CONVERSION = YES;
				GCC_WARN_ABOUT_RETURN_TYPE = YES_ERROR;
				GCC_WARN_UNDECLARED_SELECTOR = YES;
				GCC_WARN_UNINITIALIZED_AUTOS = YES_AGGRESSIVE;
				GCC_WARN_UNUSED_FUNCTION = YES;
				GCC_WARN_UNUSED_VARIABLE = YES;
				IPHONEOS_DEPLOYMENT_TARGET = 10.0;
				MTL_ENABLE_DEBUG_INFO = NO;
				SDKROOT = iphoneos;
				SWIFT_OPTIMIZATION_LEVEL = "-Owholemodule";
				TARGETED_DEVICE_FAMILY = "1,2";
				VALIDATE_PRODUCT = YES;
			};
			name = Release;
		};
		EBC0A5BD1E06B00C000D7788 /* Debug */ = {
			isa = XCBuildConfiguration;
			baseConfigurationReference = B860BE4D7738179F162C5688 /* Pods-MovieGuide.debug.xcconfig */;
			buildSettings = {
				ALWAYS_EMBED_SWIFT_STANDARD_LIBRARIES = YES;
				ASSETCATALOG_COMPILER_APPICON_NAME = AppIcon;
				INFOPLIST_FILE = MovieGuide/Info.plist;
				LD_RUNPATH_SEARCH_PATHS = "$(inherited) @executable_path/Frameworks";
				PRODUCT_BUNDLE_IDENTIFIER = com.saketgupte.MovieGuide;
				PRODUCT_NAME = "$(TARGET_NAME)";
				SWIFT_VERSION = 3.0;
			};
			name = Debug;
		};
		EBC0A5BE1E06B00C000D7788 /* Release */ = {
			isa = XCBuildConfiguration;
			baseConfigurationReference = 14CBF48ACF3DD746B2F723B1 /* Pods-MovieGuide.release.xcconfig */;
			buildSettings = {
				ALWAYS_EMBED_SWIFT_STANDARD_LIBRARIES = YES;
				ASSETCATALOG_COMPILER_APPICON_NAME = AppIcon;
				INFOPLIST_FILE = MovieGuide/Info.plist;
				LD_RUNPATH_SEARCH_PATHS = "$(inherited) @executable_path/Frameworks";
				PRODUCT_BUNDLE_IDENTIFIER = com.saketgupte.MovieGuide;
				PRODUCT_NAME = "$(TARGET_NAME)";
				SWIFT_VERSION = 3.0;
			};
			name = Release;
		};
		EBC0A5C01E06B00C000D7788 /* Debug */ = {
			isa = XCBuildConfiguration;
			baseConfigurationReference = 1ED7D2BFBFAE648E9532F05E /* Pods-MovieGuideTests.debug.xcconfig */;
			buildSettings = {
				ALWAYS_EMBED_SWIFT_STANDARD_LIBRARIES = YES;
				BUNDLE_LOADER = "$(TEST_HOST)";
				INFOPLIST_FILE = MovieGuideTests/Info.plist;
				LD_RUNPATH_SEARCH_PATHS = "$(inherited) @executable_path/Frameworks @loader_path/Frameworks";
				PRODUCT_BUNDLE_IDENTIFIER = com.saketgupte.MovieGuideTests;
				PRODUCT_NAME = "$(TARGET_NAME)";
				SWIFT_VERSION = 3.0;
				TEST_HOST = "$(BUILT_PRODUCTS_DIR)/MovieGuide.app/MovieGuide";
			};
			name = Debug;
		};
		EBC0A5C11E06B00C000D7788 /* Release */ = {
			isa = XCBuildConfiguration;
			baseConfigurationReference = 7EE934C4E79F0878CA8B6C15 /* Pods-MovieGuideTests.release.xcconfig */;
			buildSettings = {
				ALWAYS_EMBED_SWIFT_STANDARD_LIBRARIES = YES;
				BUNDLE_LOADER = "$(TEST_HOST)";
				INFOPLIST_FILE = MovieGuideTests/Info.plist;
				LD_RUNPATH_SEARCH_PATHS = "$(inherited) @executable_path/Frameworks @loader_path/Frameworks";
				PRODUCT_BUNDLE_IDENTIFIER = com.saketgupte.MovieGuideTests;
				PRODUCT_NAME = "$(TARGET_NAME)";
				SWIFT_VERSION = 3.0;
				TEST_HOST = "$(BUILT_PRODUCTS_DIR)/MovieGuide.app/MovieGuide";
			};
			name = Release;
		};
/* End XCBuildConfiguration section */

/* Begin XCConfigurationList section */
		EBC0A5961E06B00B000D7788 /* Build configuration list for PBXProject "MovieGuide" */ = {
			isa = XCConfigurationList;
			buildConfigurations = (
				EBC0A5BA1E06B00C000D7788 /* Debug */,
				EBC0A5BB1E06B00C000D7788 /* Release */,
			);
			defaultConfigurationIsVisible = 0;
			defaultConfigurationName = Release;
		};
		EBC0A5BC1E06B00C000D7788 /* Build configuration list for PBXNativeTarget "MovieGuide" */ = {
			isa = XCConfigurationList;
			buildConfigurations = (
				EBC0A5BD1E06B00C000D7788 /* Debug */,
				EBC0A5BE1E06B00C000D7788 /* Release */,
			);
			defaultConfigurationIsVisible = 0;
			defaultConfigurationName = Release;
		};
		EBC0A5BF1E06B00C000D7788 /* Build configuration list for PBXNativeTarget "MovieGuideTests" */ = {
			isa = XCConfigurationList;
			buildConfigurations = (
				EBC0A5C01E06B00C000D7788 /* Debug */,
				EBC0A5C11E06B00C000D7788 /* Release */,
			);
			defaultConfigurationIsVisible = 0;
			defaultConfigurationName = Release;
		};
/* End XCConfigurationList section */
	};
	rootObject = EBC0A5931E06B00B000D7788 /* Project object */;
}
